
Microsoft Visual Studio Solution File, Format Version 12.00
# Visual Studio Version 16
VisualStudioVersion = 16.0.31205.134
MinimumVisualStudioVersion = 10.0.40219.1
Project("{8BC9CEB8-8B4A-11D0-8D11-00A0C91BC942}") = "nim", "nim\nim.vcxproj", "{A3E6CE14-453D-4CF9-8BFD-A693AC168625}"
EndProject
Global
	GlobalSection(SolutionConfigurationPlatforms) = preSolution
		Debug|x64 = Debug|x64
		Debug|x86 = Debug|x86
		Release|x64 = Release|x64
		Release|x86 = Release|x86
	EndGlobalSection
	GlobalSection(ProjectConfigurationPlatforms) = postSolution
		{A3E6CE14-453D-4CF9-8BFD-A693AC168625}.Debug|x64.ActiveCfg = Debug|x64
		{A3E6CE14-453D-4CF9-8BFD-A693AC168625}.Debug|x64.Build.0 = Debug|x64
		{A3E6CE14-453D-4CF9-8BFD-A693AC168625}.Debug|x86.ActiveCfg = Debug|Win32
		{A3E6CE14-453D-4CF9-8BFD-A693AC168625}.Debug|x86.Build.0 = Debug|Win32
		{A3E6CE14-453D-4CF9-8BFD-A693AC168625}.Release|x64.ActiveCfg = Release|x64
		{A3E6CE14-453D-4CF9-8BFD-A693AC168625}.Release|x64.Build.0 = Release|x64
		{A3E6CE14-453D-4CF9-8BFD-A693AC168625}.Release|x86.ActiveCfg = Release|Win32
		{A3E6CE14-453D-4CF9-8BFD-A693AC168625}.Release|x86.Build.0 = Release|Win32
	EndGlobalSection
	GlobalSection(SolutionProperties) = preSolution
		HideSolutionNode = FALSE
	EndGlobalSection
	GlobalSection(ExtensibilityGlobals) = postSolution
		SolutionGuid = {32DE8AC0-C185-4430-9B53-5E58839FB846}
	EndGlobalSection
EndGlobal
